
Microsoft Visual Studio Solution File, Format Version 12.00
# Visual Studio Version 16
VisualStudioVersion = 16.0.28729.10
MinimumVisualStudioVersion = 10.0.40219.1
Project("{8BC9CEB8-8B4A-11D0-8D11-00A0C91BC942}") = "postfix", "postfix.vcxproj", "{C94FCA85-2B84-4795-8F3E-C14C3EFF3779}"
EndProject
Global
	GlobalSection(SolutionConfigurationPlatforms) = preSolution
		Debug|x64 = Debug|x64
		Debug|x86 = Debug|x86
		Release|x64 = Release|x64
		Release|x86 = Release|x86
	EndGlobalSection
	GlobalSection(ProjectConfigurationPlatforms) = postSolution
		{C94FCA85-2B84-4795-8F3E-C14C3EFF3779}.Debug|x64.ActiveCfg = Debug|x64
		{C94FCA85-2B84-4795-8F3E-C14C3EFF3779}.Debug|x64.Build.0 = Debug|x64
		{C94FCA85-2B84-4795-8F3E-C14C3EFF3779}.Debug|x86.ActiveCfg = Debug|Win32
		{C94FCA85-2B84-4795-8F3E-C14C3EFF3779}.Debug|x86.Build.0 = Debug|Win32
		{C94FCA85-2B84-4795-8F3E-C14C3EFF3779}.Release|x64.ActiveCfg = Release|x64
		{C94FCA85-2B84-4795-8F3E-C14C3EFF3779}.Release|x64.Build.0 = Release|x64
		{C94FCA85-2B84-4795-8F3E-C14C3EFF3779}.Release|x86.ActiveCfg = Release|Win32
		{C94FCA85-2B84-4795-8F3E-C14C3EFF3779}.Release|x86.Build.0 = Release|Win32
	EndGlobalSection
	GlobalSection(SolutionProperties) = preSolution
		HideSolutionNode = FALSE
	EndGlobalSection
	GlobalSection(ExtensibilityGlobals) = postSolution
		SolutionGuid = {66E4852D-5A3A-4827-93E8-1C9EDD0F3C84}
	EndGlobalSection
EndGlobal
